- name: smoke.yml \ fixed-size mixed-language terminal session
  commands:
    - command: tests/terminal-ui/capture.sh tests/fixtures/mixed-language-layout.patch target/debug/hdiff
      checks:
        - name: exitcode
          data:
            - "0"
        - name: stdout
          data:
            - === Rust ===
            - "\e[7m> \e[38;2;160;160;160ma/src/sample.rs       \e[0m \e[38;2;125;125;125m│\e[39m   --- a/src/sample.rs"
            - "  \e[38;2;160;160;160ma/web/sample.js       \e[39m \e[38;2;125;125;125m│\e[39m   +++ b/src/sample.rs"
            - "  \e[38;2;160;160;160ma/tools/sample.py     \e[39m \e[38;2;125;125;125m│\e[39m   @@ -1,3 +1,3 @@"
            - "  \e[38;2;160;160;160ma/cmd/sample.go       \e[39m \e[38;2;125;125;125m│\e[39m \e[38;2;206;74;74m\e[48;2;50;30;30m-\e[38;2;150;150;150m \e[38;2;86;156;214mpub\e[38;2;150;150;150m \e[38;2;86;156;214mfn\e[38;2;150;150;150m \e[38;2;220;220;170mgreeting\e[38;2;150;150;150m() -> \e[38;2;212;212;212m&'\e[38;2;150;150;150mstatic \e[38;2;78;201;176mstr\e[38;2;150;150;150m {\e[39m\e[49m"
            - "  \e[38;2;160;160;160ma/native/sample.c     \e[39m \e[38;2;125;125;125m│\e[39m \e[38;2;206;74;74m\e[48;2;50;30;30m-\e[38;2;150;150;150m     \e[38;2;206;145;120m\"old\"\e[39m\e[49m"
            - "                         \e[38;2;125;125;125m│\e[39m \e[38;2;112;195;115m\e[48;2;35;73;43m+\e[38;2;220;235;220m \e[38;2;86;156;214mpub\e[38;2;220;235;220m \e[38;2;86;156;214mfn\e[38;2;220;235;220m \e[38;2;220;220;170mgreeting\e[38;2;220;235;220m(\e[38;2;220;220;220mname\e[38;2;220;235;220m: \e[38;2;212;212;212m&\e[38;2;78;201;176mstr\e[38;2;220;235;220m) -> \e[38;2;78;201;176mString\e[38;2;220;235;220m {\e[39m\e[49m"
            - "                         \e[38;2;125;125;125m│\e[39m \e[38;2;112;195;115m\e[48;2;35;73;43m+\e[38;2;220;235;220m     \e[38;2;220;220;170mformat!\e[38;2;220;235;220m(\e[38;2;206;145;120m\"hello, {name}\"\e[38;2;220;235;220m)\e[39m\e[49m"
            - "                         \e[38;2;125;125;125m│\e[39m \e[38;2;180;180;180m  }"
            - "\e[39m                         \e[38;2;125;125;125m│\e[39m"
            - "                         \e[38;2;125;125;125m│\e[39m"
            - "                         \e[38;2;125;125;125m│\e[39m"
            - "                         \e[38;2;125;125;125m│\e[39m"
            - "                         \e[38;2;125;125;125m│\e[39m"
            - "                         \e[38;2;125;125;125m│\e[39m"
            - "                         \e[38;2;125;125;125m│\e[39m"
            - "                         \e[38;2;125;125;125m│\e[39m"
            - "                         \e[38;2;125;125;125m│\e[39m"
            - "                         \e[38;2;125;125;125m│\e[39m"
            - "                         \e[38;2;125;125;125m│\e[39m"
            - "                         \e[38;2;125;125;125m│\e[39m"
            - "                         \e[38;2;125;125;125m│\e[39m"
            - "                         \e[38;2;125;125;125m│\e[39m"
            - "                         \e[38;2;125;125;125m│\e[39m"
            - "                         \e[38;2;125;125;125m│\e[39m"
            - "                         \e[38;2;125;125;125m│\e[39m"
            - "                         \e[38;2;125;125;125m│\e[39m"
            - "                         \e[38;2;125;125;125m│\e[39m"
            - "                         \e[38;2;125;125;125m│\e[39m"
            - "                         \e[38;2;125;125;125m│\e[39m"
            - "                         \e[38;2;125;125;125m│\e[39m"
            - "                         \e[38;2;125;125;125m│\e[39m"
            - "                         \e[38;2;125;125;125m│\e[39m"
            - "                         \e[38;2;125;125;125m│\e[39m"
            - "                         \e[38;2;125;125;125m│\e[39m"
            - "                         \e[38;2;125;125;125m│\e[39m"
            - "\e[38;2;110;110;110mTab next · ⇧Tab prev    \e[39m \e[38;2;125;125;125m│\e[39m"
            - === JavaScript ===
            - "  \e[38;2;160;160;160ma/src/sample.rs       \e[39m \e[38;2;125;125;125m│\e[39m   --- a/web/sample.js"
            - "\e[7m> \e[38;2;160;160;160ma/web/sample.js       \e[0m \e[38;2;125;125;125m│\e[39m   +++ b/web/sample.js"
            - "  \e[38;2;160;160;160ma/tools/sample.py     \e[39m \e[38;2;125;125;125m│\e[39m   @@ -1,3 +1,4 @@"
            - "  \e[38;2;160;160;160ma/cmd/sample.go       \e[39m \e[38;2;125;125;125m│\e[39m \e[38;2;206;74;74m\e[48;2;50;30;30m-\e[38;2;150;150;150m \e[38;2;86;156;214mexport\e[38;2;150;150;150m \e[38;2;86;156;214mconst\e[38;2;150;150;150m \e[38;2;220;220;170mgreeting\e[38;2;150;150;150m \e[38;2;212;212;212m=\e[38;2;150;150;150m () \e[38;2;212;212;212m=>\e[38;2;150;150;150m {\e[39m\e[49m"
            - "  \e[38;2;160;160;160ma/native/sample.c     \e[39m \e[38;2;125;125;125m│\e[39m \e[38;2;206;74;74m\e[48;2;50;30;30m-\e[38;2;150;150;150m   \e[38;2;86;156;214mreturn\e[38;2;150;150;150m \e[38;2;206;145;120m\"old\"\e[38;2;150;150;150m;\e[39m\e[49m"
            - "                         \e[38;2;125;125;125m│\e[39m \e[38;2;112;195;115m\e[48;2;35;73;43m+\e[38;2;220;235;220m \e[38;2;86;156;214mexport\e[38;2;220;235;220m \e[38;2;86;156;214mconst\e[38;2;220;235;220m \e[38;2;220;220;170mgreeting\e[38;2;220;235;220m \e[38;2;212;212;212m=\e[38;2;220;235;220m (\e[38;2;220;220;220mname\e[38;2;220;235;220m) \e[38;2;212;212;212m=>\e[38;2;220;235;220m {\e[39m\e[49m"
            - "                         \e[38;2;125;125;125m│\e[39m \e[38;2;112;195;115m\e[48;2;35;73;43m+\e[38;2;220;235;220m   \e[38;2;86;156;214mreturn\e[38;2;220;235;220m \e[38;2;206;145;120m`hello, ${\e[38;2;220;220;220mname\e[38;2;206;145;120m}`\e[38;2;220;235;220m;\e[39m\e[49m"
            - "                         \e[38;2;125;125;125m│\e[39m \e[38;2;112;195;115m\e[48;2;35;73;43m+\e[38;2;220;235;220m };\e[39m\e[49m"
            - "                         \e[38;2;125;125;125m│\e[39m \e[38;2;180;180;180m  }"
            - "\e[39m                         \e[38;2;125;125;125m│\e[39m"
            - "                         \e[38;2;125;125;125m│\e[39m"
            - "                         \e[38;2;125;125;125m│\e[39m"
            - "                         \e[38;2;125;125;125m│\e[39m"
            - "                         \e[38;2;125;125;125m│\e[39m"
            - "                         \e[38;2;125;125;125m│\e[39m"
            - "                         \e[38;2;125;125;125m│\e[39m"
            - "                         \e[38;2;125;125;125m│\e[39m"
            - "                         \e[38;2;125;125;125m│\e[39m"
            - "                         \e[38;2;125;125;125m│\e[39m"
            - "                         \e[38;2;125;125;125m│\e[39m"
            - "                         \e[38;2;125;125;125m│\e[39m"
            - "                         \e[38;2;125;125;125m│\e[39m"
            - "                         \e[38;2;125;125;125m│\e[39m"
            - "                         \e[38;2;125;125;125m│\e[39m"
            - "                         \e[38;2;125;125;125m│\e[39m"
            - "                         \e[38;2;125;125;125m│\e[39m"
            - "                         \e[38;2;125;125;125m│\e[39m"
            - "                         \e[38;2;125;125;125m│\e[39m"
            - "                         \e[38;2;125;125;125m│\e[39m"
            - "                         \e[38;2;125;125;125m│\e[39m"
            - "                         \e[38;2;125;125;125m│\e[39m"
            - "                         \e[38;2;125;125;125m│\e[39m"
            - "                         \e[38;2;125;125;125m│\e[39m"
            - "                         \e[38;2;125;125;125m│\e[39m"
            - "                         \e[38;2;125;125;125m│\e[39m"
            - "\e[38;2;110;110;110mTab next · ⇧Tab prev    \e[39m \e[38;2;125;125;125m│\e[39m"
            - === Python ===
            - "  \e[38;2;160;160;160ma/src/sample.rs       \e[39m \e[38;2;125;125;125m│\e[39m   --- a/tools/sample.py"
            - "  \e[38;2;160;160;160ma/web/sample.js       \e[39m \e[38;2;125;125;125m│\e[39m   +++ b/tools/sample.py"
            - "\e[7m> \e[38;2;160;160;160ma/tools/sample.py     \e[0m \e[38;2;125;125;125m│\e[39m   @@ -1,3 +1,3 @@"
            - "  \e[38;2;160;160;160ma/cmd/sample.go       \e[39m \e[38;2;125;125;125m│\e[39m \e[38;2;206;74;74m\e[48;2;50;30;30m-\e[38;2;150;150;150m \e[38;2;86;156;214mdef\e[38;2;150;150;150m \e[38;2;220;220;170mgreeting\e[38;2;150;150;150m():\e[39m\e[49m"
            - "  \e[38;2;160;160;160ma/native/sample.c     \e[39m \e[38;2;125;125;125m│\e[39m \e[38;2;206;74;74m\e[48;2;50;30;30m-\e[38;2;150;150;150m     \e[38;2;86;156;214mreturn\e[38;2;150;150;150m \e[38;2;206;145;120m\"old\"\e[39m\e[49m"
            - "                         \e[38;2;125;125;125m│\e[39m \e[38;2;112;195;115m\e[48;2;35;73;43m+\e[38;2;220;235;220m \e[38;2;86;156;214mdef\e[38;2;220;235;220m \e[38;2;220;220;170mgreeting\e[38;2;220;235;220m(\e[38;2;220;220;220mname\e[38;2;220;235;220m: \e[38;2;78;201;176mstr\e[38;2;220;235;220m) \e[38;2;212;212;212m->\e[38;2;220;235;220m \e[38;2;78;201;176mstr\e[38;2;220;235;220m:\e[39m\e[49m"
            - "                         \e[38;2;125;125;125m│\e[39m \e[38;2;112;195;115m\e[48;2;35;73;43m+\e[38;2;220;235;220m     \e[38;2;86;156;214mreturn\e[38;2;220;235;220m \e[38;2;206;145;120mf\"hello, {\e[38;2;220;220;220mname\e[38;2;206;145;120m}\"\e[39m\e[49m"
            - "                         \e[38;2;125;125;125m│\e[39m \e[38;2;180;180;180m  \e[39m"
            - "                         \e[38;2;125;125;125m│\e[39m \e[38;2;180;180;180m  ()\e[39m"
            - "                         \e[38;2;125;125;125m│\e[39m"
            - "                         \e[38;2;125;125;125m│\e[39m"
            - "                         \e[38;2;125;125;125m│\e[39m"
            - "                         \e[38;2;125;125;125m│\e[39m"
            - "                         \e[38;2;125;125;125m│\e[39m"
            - "                         \e[38;2;125;125;125m│\e[39m"
            - "                         \e[38;2;125;125;125m│\e[39m"
            - "                         \e[38;2;125;125;125m│\e[39m"
            - "                         \e[38;2;125;125;125m│\e[39m"
            - "                         \e[38;2;125;125;125m│\e[39m"
            - "                         \e[38;2;125;125;125m│\e[39m"
            - "                         \e[38;2;125;125;125m│\e[39m"
            - "                         \e[38;2;125;125;125m│\e[39m"
            - "                         \e[38;2;125;125;125m│\e[39m"
            - "                         \e[38;2;125;125;125m│\e[39m"
            - "                         \e[38;2;125;125;125m│\e[39m"
            - "                         \e[38;2;125;125;125m│\e[39m"
            - "                         \e[38;2;125;125;125m│\e[39m"
            - "                         \e[38;2;125;125;125m│\e[39m"
            - "                         \e[38;2;125;125;125m│\e[39m"
            - "                         \e[38;2;125;125;125m│\e[39m"
            - "                         \e[38;2;125;125;125m│\e[39m"
            - "                         \e[38;2;125;125;125m│\e[39m"
            - "                         \e[38;2;125;125;125m│\e[39m"
            - "                         \e[38;2;125;125;125m│\e[39m"
            - "                         \e[38;2;125;125;125m│\e[39m"
            - "\e[38;2;110;110;110mTab next · ⇧Tab prev    \e[39m \e[38;2;125;125;125m│\e[39m"
            - === Go ===
            - "  \e[38;2;160;160;160ma/src/sample.rs       \e[39m \e[38;2;125;125;125m│\e[39m   --- a/cmd/sample.go"
            - "  \e[38;2;160;160;160ma/web/sample.js       \e[39m \e[38;2;125;125;125m│\e[39m   +++ b/cmd/sample.go"
            - "  \e[38;2;160;160;160ma/tools/sample.py     \e[39m \e[38;2;125;125;125m│\e[39m   @@ -1,3 +1,3 @@"
            - "\e[7m> \e[38;2;160;160;160ma/cmd/sample.go       \e[0m \e[38;2;125;125;125m│\e[39m \e[38;2;206;74;74m\e[48;2;50;30;30m-\e[38;2;150;150;150m \e[38;2;86;156;214mfunc\e[38;2;150;150;150m \e[38;2;220;220;220mgreeting\e[38;2;150;150;150m() \e[38;2;78;201;176mstring\e[38;2;150;150;150m {\e[39m\e[49m"
            - "  \e[38;2;160;160;160ma/native/sample.c     \e[39m \e[38;2;125;125;125m│\e[39m \e[38;2;206;74;74m\e[48;2;50;30;30m-\e[38;2;150;150;150m \e[38;2;86;156;214mreturn\e[38;2;150;150;150m \e[38;2;206;145;120m\"old\"\e[39m\e[49m"
            - "                         \e[38;2;125;125;125m│\e[39m \e[38;2;112;195;115m\e[48;2;35;73;43m+\e[38;2;220;235;220m \e[38;2;86;156;214mfunc\e[38;2;220;235;220m \e[38;2;220;220;220mgreeting\e[38;2;220;235;220m(\e[38;2;220;220;220mname\e[38;2;220;235;220m \e[38;2;78;201;176mstring\e[38;2;220;235;220m) \e[38;2;78;201;176mstring\e[38;2;220;235;220m {\e[39m\e[49m"
            - "                         \e[38;2;125;125;125m│\e[39m \e[38;2;112;195;115m\e[48;2;35;73;43m+\e[38;2;220;235;220m \e[38;2;86;156;214mreturn\e[38;2;220;235;220m \e[38;2;206;145;120m\"hello, \"\e[38;2;220;235;220m \e[38;2;212;212;212m+\e[38;2;220;235;220m \e[38;2;220;220;220mname\e[39m\e[49m"
            - "                         \e[38;2;125;125;125m│\e[39m \e[38;2;180;180;180m  }\e[39m"
            - "                         \e[38;2;125;125;125m│\e[39m"
            - "                         \e[38;2;125;125;125m│\e[39m"
            - "                         \e[38;2;125;125;125m│\e[39m"
            - "                         \e[38;2;125;125;125m│\e[39m"
            - "                         \e[38;2;125;125;125m│\e[39m"
            - "                         \e[38;2;125;125;125m│\e[39m"
            - "                         \e[38;2;125;125;125m│\e[39m"
            - "                         \e[38;2;125;125;125m│\e[39m"
            - "                         \e[38;2;125;125;125m│\e[39m"
            - "                         \e[38;2;125;125;125m│\e[39m"
            - "                         \e[38;2;125;125;125m│\e[39m"
            - "                         \e[38;2;125;125;125m│\e[39m"
            - "                         \e[38;2;125;125;125m│\e[39m"
            - "                         \e[38;2;125;125;125m│\e[39m"
            - "                         \e[38;2;125;125;125m│\e[39m"
            - "                         \e[38;2;125;125;125m│\e[39m"
            - "                         \e[38;2;125;125;125m│\e[39m"
            - "                         \e[38;2;125;125;125m│\e[39m"
            - "                         \e[38;2;125;125;125m│\e[39m"
            - "                         \e[38;2;125;125;125m│\e[39m"
            - "                         \e[38;2;125;125;125m│\e[39m"
            - "                         \e[38;2;125;125;125m│\e[39m"
            - "                         \e[38;2;125;125;125m│\e[39m"
            - "                         \e[38;2;125;125;125m│\e[39m"
            - "                         \e[38;2;125;125;125m│\e[39m"
            - "                         \e[38;2;125;125;125m│\e[39m"
            - "                         \e[38;2;125;125;125m│\e[39m"
            - "\e[38;2;110;110;110mTab next · ⇧Tab prev    \e[39m \e[38;2;125;125;125m│\e[39m"
            - === C ===
            - "  \e[38;2;160;160;160ma/src/sample.rs       \e[39m \e[38;2;125;125;125m│\e[39m   --- a/native/sample.c"
            - "  \e[38;2;160;160;160ma/web/sample.js       \e[39m \e[38;2;125;125;125m│\e[39m   +++ b/native/sample.c"
            - "  \e[38;2;160;160;160ma/tools/sample.py     \e[39m \e[38;2;125;125;125m│\e[39m   @@ -1,3 +1,4 @@"
            - "  \e[38;2;160;160;160ma/cmd/sample.go       \e[39m \e[38;2;125;125;125m│\e[39m \e[38;2;206;74;74m\e[48;2;50;30;30m-\e[38;2;150;150;150m \e[38;2;86;156;214mconst\e[38;2;150;150;150m \e[38;2;78;201;176mchar\e[38;2;150;150;150m \e[38;2;212;212;212m*\e[38;2;220;220;170mgreeting\e[38;2;150;150;150m(\e[38;2;78;201;176mvoid\e[38;2;150;150;150m) {\e[39m\e[49m"
            - "\e[7m> \e[38;2;160;160;160ma/native/sample.c     \e[0m \e[38;2;125;125;125m│\e[39m \e[38;2;206;74;74m\e[48;2;50;30;30m-\e[38;2;150;150;150m     \e[38;2;86;156;214mreturn\e[38;2;150;150;150m \e[38;2;206;145;120m\"old\"\e[38;2;150;150;150m;\e[39m\e[49m"
            - "                         \e[38;2;125;125;125m│\e[39m \e[38;2;112;195;115m\e[48;2;35;73;43m+\e[38;2;220;235;220m \e[38;2;86;156;214mconst\e[38;2;220;235;220m \e[38;2;78;201;176mchar\e[38;2;220;235;220m \e[38;2;212;212;212m*\e[38;2;220;220;170mgreeting\e[38;2;220;235;220m(\e[38;2;86;156;214mconst\e[38;2;220;235;220m \e[38;2;78;201;176mchar\e[38;2;220;235;220m \e[38;2;212;212;212m*\e[38;2;220;220;220mname\e[38;2;220;235;220m) {\e[39m\e[49m"
            - "                         \e[38;2;125;125;125m│\e[39m \e[38;2;112;195;115m\e[48;2;35;73;43m+\e[38;2;220;235;220m     \e[38;2;220;220;170mprintf\e[38;2;220;235;220m(\e[38;2;206;145;120m\"hello, %s\\\\n\"\e[38;2;220;235;220m, \e[38;2;220;220;220mname\e[38;2;220;235;220m);\e[39m\e[49m"
            - "                         \e[38;2;125;125;125m│\e[39m \e[38;2;112;195;115m\e[48;2;35;73;43m+\e[38;2;220;235;220m     \e[38;2;86;156;214mreturn\e[38;2;220;235;220m \e[38;2;220;220;220mname\e[38;2;220;235;220m;\e[39m\e[49m"
            - "                         \e[38;2;125;125;125m│\e[39m \e[38;2;180;180;180m  }\e[39m"
            - "                         \e[38;2;125;125;125m│\e[39m"
            - "                         \e[38;2;125;125;125m│\e[39m"
            - "                         \e[38;2;125;125;125m│\e[39m"
            - "                         \e[38;2;125;125;125m│\e[39m"
            - "                         \e[38;2;125;125;125m│\e[39m"
            - "                         \e[38;2;125;125;125m│\e[39m"
            - "                         \e[38;2;125;125;125m│\e[39m"
            - "                         \e[38;2;125;125;125m│\e[39m"
            - "                         \e[38;2;125;125;125m│\e[39m"
            - "                         \e[38;2;125;125;125m│\e[39m"
            - "                         \e[38;2;125;125;125m│\e[39m"
            - "                         \e[38;2;125;125;125m│\e[39m"
            - "                         \e[38;2;125;125;125m│\e[39m"
            - "                         \e[38;2;125;125;125m│\e[39m"
            - "                         \e[38;2;125;125;125m│\e[39m"
            - "                         \e[38;2;125;125;125m│\e[39m"
            - "                         \e[38;2;125;125;125m│\e[39m"
            - "                         \e[38;2;125;125;125m│\e[39m"
            - "                         \e[38;2;125;125;125m│\e[39m"
            - "                         \e[38;2;125;125;125m│\e[39m"
            - "                         \e[38;2;125;125;125m│\e[39m"
            - "                         \e[38;2;125;125;125m│\e[39m"
            - "                         \e[38;2;125;125;125m│\e[39m"
            - "                         \e[38;2;125;125;125m│\e[39m"
            - "                         \e[38;2;125;125;125m│\e[39m"
            - "                         \e[38;2;125;125;125m│\e[39m"
            - "\e[38;2;110;110;110mTab next · ⇧Tab prev    \e[39m \e[38;2;125;125;125m│\e[39m"
        - name: stderr
          data:
            - ""
